
Microsoft Visual Studio Solution File, Format Version 12.00
# Visual Studio Version 16
VisualStudioVersion = 16.0.31019.35
MinimumVisualStudioVersion = 10.0.40219.1
Project("{FAE04EC0-301F-11D3-BF4B-00C04F79EFBC}") = "ps5notifier", "ps5notifier\ps5notifier.csproj", "{F6E46A02-3ED2-4B2A-AEEB-12B9D39D6F14}"
EndProject
Global
	GlobalSection(SolutionConfigurationPlatforms) = preSolution
		Debug|Any CPU = Debug|Any CPU
		Release|Any CPU = Release|Any CPU
	EndGlobalSection
	GlobalSection(ProjectConfigurationPlatforms) = postSolution
		{F6E46A02-3ED2-4B2A-AEEB-12B9D39D6F14}.Debug|Any CPU.ActiveCfg = Debug|Any CPU
		{F6E46A02-3ED2-4B2A-AEEB-12B9D39D6F14}.Debug|Any CPU.Build.0 = Debug|Any CPU
		{F6E46A02-3ED2-4B2A-AEEB-12B9D39D6F14}.Release|Any CPU.ActiveCfg = Release|Any CPU
		{F6E46A02-3ED2-4B2A-AEEB-12B9D39D6F14}.Release|Any CPU.Build.0 = Release|Any CPU
	EndGlobalSection
	GlobalSection(SolutionProperties) = preSolution
		HideSolutionNode = FALSE
	EndGlobalSection
	GlobalSection(ExtensibilityGlobals) = postSolution
		SolutionGuid = {94DE38DE-A8DF-41BF-BCB9-D342E2EAF2D7}
	EndGlobalSection
EndGlobal
